
Microsoft Visual Studio Solution File, Format Version 12.00
# Visual Studio Version 16
VisualStudioVersion = 16.0.28729.10
MinimumVisualStudioVersion = 10.0.40219.1
Project("{9A19103F-16F7-4668-BE54-9A1E7A4F7556}") = "NT.Presentation.MVCCore", "NT.Presentation.MVCCore\NT.Presentation.MVCCore.csproj", "{D1633206-80AC-4CEB-A4EF-F3710E43C571}"
EndProject
Project("{9A19103F-16F7-4668-BE54-9A1E7A4F7556}") = "01.Framework", "01.Framework\01.Framework.csproj", "{8F6B09FE-99EA-4F75-808A-EE1955C3B2C5}"
EndProject
Project("{2150E333-8FDC-42A3-9474-1A3956D46DE8}") = "CourseManagement", "CourseManagement", "{8610C979-2A06-490E-B814-A4F7BF15CED5}"
EndProject
Project("{2150E333-8FDC-42A3-9474-1A3956D46DE8}") = "UsersManagement", "UsersManagement", "{651108FB-8301-46AA-8ECF-84D1E1329F0D}"
EndProject
Project("{2150E333-8FDC-42A3-9474-1A3956D46DE8}") = "SiteManagement", "SiteManagement", "{189F0DFC-18E8-4CB5-871A-4D47FEF3724E}"
EndProject
Project("{9A19103F-16F7-4668-BE54-9A1E7A4F7556}") = "NT.CM.Application", "CourseManagement\NT.Application\NT.CM.Application.csproj", "{E6A2343A-8068-46AE-9FF0-5240E0865047}"
EndProject
Project("{9A19103F-16F7-4668-BE54-9A1E7A4F7556}") = "NT.CM.Application.Contracts", "CourseManagement\NT.Application.Contracts\NT.CM.Application.Contracts.csproj", "{19A3C0BF-B903-4E0D-ACD1-6505CFF98C4A}"
EndProject
Project("{9A19103F-16F7-4668-BE54-9A1E7A4F7556}") = "NT.CM.Domain", "CourseManagement\NT.Domain\NT.CM.Domain.csproj", "{5D565B86-AAD2-48D7-B1A6-354749C47169}"
EndProject
Project("{9A19103F-16F7-4668-BE54-9A1E7A4F7556}") = "NT.CM.Infrastructure.Core", "CourseManagement\NT.Infrastructure.Core\NT.CM.Infrastructure.Core.csproj", "{BE4C0E7E-1321-4E77-AD9F-533DAD482238}"
EndProject
Project("{9A19103F-16F7-4668-BE54-9A1E7A4F7556}") = "NT.CM.Infrastructure.EFCore", "CourseManagement\NT.Infrastructure.EFCore\NT.CM.Infrastructure.EFCore.csproj", "{83AA4FAE-08C3-44F7-A12A-2E86857B40BF}"
EndProject
Project("{9A19103F-16F7-4668-BE54-9A1E7A4F7556}") = "NT.SM.Domain", "SiteManagement\NT.SM.Domain\NT.SM.Domain.csproj", "{E3EA18CC-9815-43A0-8F6F-435209603396}"
EndProject
Project("{9A19103F-16F7-4668-BE54-9A1E7A4F7556}") = "NT.SM.Application", "SiteManagement\NT.SM.Application\NT.SM.Application.csproj", "{BC102B7A-0CD3-471F-8191-661154A983E8}"
EndProject
Project("{9A19103F-16F7-4668-BE54-9A1E7A4F7556}") = "NT.SM.Application.Contracts", "SiteManagement\NT.SM.Application.Contracts\NT.SM.Application.Contracts.csproj", "{C0E589D1-9EF7-4CD5-9F8F-440726AEA02F}"
EndProject
Project("{9A19103F-16F7-4668-BE54-9A1E7A4F7556}") = "NT.SM.Infrastructure.Core", "SiteManagement\NT.SM.Infrastructure.Core\NT.SM.Infrastructure.Core.csproj", "{B0B73250-2E0E-47AA-A06F-DC8530A8998C}"
EndProject
Project("{9A19103F-16F7-4668-BE54-9A1E7A4F7556}") = "NT.SM.Infrastructure.EFCore", "SiteManagement\NT.SM.Infrastructure.EFCore\NT.SM.Infrastructure.EFCore.csproj", "{4447E4AA-1482-4665-AE0D-14A6D05AD8A2}"
EndProject
Project("{9A19103F-16F7-4668-BE54-9A1E7A4F7556}") = "NT.UM.Domain", "UsersManagement\NT.UM.Domain\NT.UM.Domain.csproj", "{93F2E2ED-916A-49CB-8B1A-7B729695C1B1}"
EndProject
Project("{9A19103F-16F7-4668-BE54-9A1E7A4F7556}") = "NT.UM.Application", "UsersManagement\NT.UM.Application\NT.UM.Application.csproj", "{55A073EB-4BE7-46B4-9EDC-A9C5ED90C787}"
EndProject
Project("{9A19103F-16F7-4668-BE54-9A1E7A4F7556}") = "NT.UM.Application.Contracts", "UsersManagement\NT.UM.Application.Contracts\NT.UM.Application.Contracts.csproj", "{36D2ADB3-BF18-4F8E-AD98-4B453FD5ADEC}"
EndProject
Project("{9A19103F-16F7-4668-BE54-9A1E7A4F7556}") = "NT.UM.Infrastructure.Core", "UsersManagement\NT.UM.Infrastructure.Core\NT.UM.Infrastructure.Core.csproj", "{D5FA2010-8AA9-48F2-BC79-A14116471F0E}"
EndProject
Project("{9A19103F-16F7-4668-BE54-9A1E7A4F7556}") = "NT.UM.Infrastructure.EFCore", "UsersManagement\NT.UM.Infrastructure.EFCore\NT.UM.Infrastructure.EFCore.csproj", "{F60754D6-3735-49CB-8072-9862FF4FF059}"
EndProject
Project("{9A19103F-16F7-4668-BE54-9A1E7A4F7556}") = "NT.Infrastructure.Query", "NT.Infrastructure.Query\NT.Infrastructure.Query.csproj", "{288F7AB9-6197-4128-8E2C-34C8E67CCEAE}"
EndProject
Global
	GlobalSection(SolutionConfigurationPlatforms) = preSolution
		Debug|Any CPU = Debug|Any CPU
		Release|Any CPU = Release|Any CPU
	EndGlobalSection
	GlobalSection(ProjectConfigurationPlatforms) = postSolution
		{D1633206-80AC-4CEB-A4EF-F3710E43C571}.Debug|Any CPU.ActiveCfg = Debug|Any CPU
		{D1633206-80AC-4CEB-A4EF-F3710E43C571}.Debug|Any CPU.Build.0 = Debug|Any CPU
		{D1633206-80AC-4CEB-A4EF-F3710E43C571}.Release|Any CPU.ActiveCfg = Release|Any CPU
		{D1633206-80AC-4CEB-A4EF-F3710E43C571}.Release|Any CPU.Build.0 = Release|Any CPU
		{8F6B09FE-99EA-4F75-808A-EE1955C3B2C5}.Debug|Any CPU.ActiveCfg = Debug|Any CPU
		{8F6B09FE-99EA-4F75-808A-EE1955C3B2C5}.Debug|Any CPU.Build.0 = Debug|Any CPU
		{8F6B09FE-99EA-4F75-808A-EE1955C3B2C5}.Release|Any CPU.ActiveCfg = Release|Any CPU
		{8F6B09FE-99EA-4F75-808A-EE1955C3B2C5}.Release|Any CPU.Build.0 = Release|Any CPU
		{E6A2343A-8068-46AE-9FF0-5240E0865047}.Debug|Any CPU.ActiveCfg = Debug|Any CPU
		{E6A2343A-8068-46AE-9FF0-5240E0865047}.Debug|Any CPU.Build.0 = Debug|Any CPU
		{E6A2343A-8068-46AE-9FF0-5240E0865047}.Release|Any CPU.ActiveCfg = Release|Any CPU
		{E6A2343A-8068-46AE-9FF0-5240E0865047}.Release|Any CPU.Build.0 = Release|Any CPU
		{19A3C0BF-B903-4E0D-ACD1-6505CFF98C4A}.Debug|Any CPU.ActiveCfg = Debug|Any CPU
		{19A3C0BF-B903-4E0D-ACD1-6505CFF98C4A}.Debug|Any CPU.Build.0 = Debug|Any CPU
		{19A3C0BF-B903-4E0D-ACD1-6505CFF98C4A}.Release|Any CPU.ActiveCfg = Release|Any CPU
		{19A3C0BF-B903-4E0D-ACD1-6505CFF98C4A}.Release|Any CPU.Build.0 = Release|Any CPU
		{5D565B86-AAD2-48D7-B1A6-354749C47169}.Debug|Any CPU.ActiveCfg = Debug|Any CPU
		{5D565B86-AAD2-48D7-B1A6-354749C47169}.Debug|Any CPU.Build.0 = Debug|Any CPU
		{5D565B86-AAD2-48D7-B1A6-354749C47169}.Release|Any CPU.ActiveCfg = Release|Any CPU
		{5D565B86-AAD2-48D7-B1A6-354749C47169}.Release|Any CPU.Build.0 = Release|Any CPU
		{BE4C0E7E-1321-4E77-AD9F-533DAD482238}.Debug|Any CPU.ActiveCfg = Debug|Any CPU
		{BE4C0E7E-1321-4E77-AD9F-533DAD482238}.Debug|Any CPU.Build.0 = Debug|Any CPU
		{BE4C0E7E-1321-4E77-AD9F-533DAD482238}.Release|Any CPU.ActiveCfg = Release|Any CPU
		{BE4C0E7E-1321-4E77-AD9F-533DAD482238}.Release|Any CPU.Build.0 = Release|Any CPU
		{83AA4FAE-08C3-44F7-A12A-2E86857B40BF}.Debug|Any CPU.ActiveCfg = Debug|Any CPU
		{83AA4FAE-08C3-44F7-A12A-2E86857B40BF}.Debug|Any CPU.Build.0 = Debug|Any CPU
		{83AA4FAE-08C3-44F7-A12A-2E86857B40BF}.Release|Any CPU.ActiveCfg = Release|Any CPU
		{83AA4FAE-08C3-44F7-A12A-2E86857B40BF}.Release|Any CPU.Build.0 = Release|Any CPU
		{E3EA18CC-9815-43A0-8F6F-435209603396}.Debug|Any CPU.ActiveCfg = Debug|Any CPU
		{E3EA18CC-9815-43A0-8F6F-435209603396}.Debug|Any CPU.Build.0 = Debug|Any CPU
		{E3EA18CC-9815-43A0-8F6F-435209603396}.Release|Any CPU.ActiveCfg = Release|Any CPU
		{E3EA18CC-9815-43A0-8F6F-435209603396}.Release|Any CPU.Build.0 = Release|Any CPU
		{BC102B7A-0CD3-471F-8191-661154A983E8}.Debug|Any CPU.ActiveCfg = Debug|Any CPU
		{BC102B7A-0CD3-471F-8191-661154A983E8}.Debug|Any CPU.Build.0 = Debug|Any CPU
		{BC102B7A-0CD3-471F-8191-661154A983E8}.Release|Any CPU.ActiveCfg = Release|Any CPU
		{BC102B7A-0CD3-471F-8191-661154A983E8}.Release|Any CPU.Build.0 = Release|Any CPU
		{C0E589D1-9EF7-4CD5-9F8F-440726AEA02F}.Debug|Any CPU.ActiveCfg = Debug|Any CPU
		{C0E589D1-9EF7-4CD5-9F8F-440726AEA02F}.Debug|Any CPU.Build.0 = Debug|Any CPU
		{C0E589D1-9EF7-4CD5-9F8F-440726AEA02F}.Release|Any CPU.ActiveCfg = Release|Any CPU
		{C0E589D1-9EF7-4CD5-9F8F-440726AEA02F}.Release|Any CPU.Build.0 = Release|Any CPU
		{B0B73250-2E0E-47AA-A06F-DC8530A8998C}.Debug|Any CPU.ActiveCfg = Debug|Any CPU
		{B0B73250-2E0E-47AA-A06F-DC8530A8998C}.Debug|Any CPU.Build.0 = Debug|Any CPU
		{B0B73250-2E0E-47AA-A06F-DC8530A8998C}.Release|Any CPU.ActiveCfg = Release|Any CPU
		{B0B73250-2E0E-47AA-A06F-DC8530A8998C}.Release|Any CPU.Build.0 = Release|Any CPU
		{4447E4AA-1482-4665-AE0D-14A6D05AD8A2}.Debug|Any CPU.ActiveCfg = Debug|Any CPU
		{4447E4AA-1482-4665-AE0D-14A6D05AD8A2}.Debug|Any CPU.Build.0 = Debug|Any CPU
		{4447E4AA-1482-4665-AE0D-14A6D05AD8A2}.Release|Any CPU.ActiveCfg = Release|Any CPU
		{4447E4AA-1482-4665-AE0D-14A6D05AD8A2}.Release|Any CPU.Build.0 = Release|Any CPU
		{93F2E2ED-916A-49CB-8B1A-7B729695C1B1}.Debug|Any CPU.ActiveCfg = Debug|Any CPU
		{93F2E2ED-916A-49CB-8B1A-7B729695C1B1}.Debug|Any CPU.Build.0 = Debug|Any CPU
		{93F2E2ED-916A-49CB-8B1A-7B729695C1B1}.Release|Any CPU.ActiveCfg = Release|Any CPU
		{93F2E2ED-916A-49CB-8B1A-7B729695C1B1}.Release|Any CPU.Build.0 = Release|Any CPU
		{55A073EB-4BE7-46B4-9EDC-A9C5ED90C787}.Debug|Any CPU.ActiveCfg = Debug|Any CPU
		{55A073EB-4BE7-46B4-9EDC-A9C5ED90C787}.Debug|Any CPU.Build.0 = Debug|Any CPU
		{55A073EB-4BE7-46B4-9EDC-A9C5ED90C787}.Release|Any CPU.ActiveCfg = Release|Any CPU
		{55A073EB-4BE7-46B4-9EDC-A9C5ED90C787}.Release|Any CPU.Build.0 = Release|Any CPU
		{36D2ADB3-BF18-4F8E-AD98-4B453FD5ADEC}.Debug|Any CPU.ActiveCfg = Debug|Any CPU
		{36D2ADB3-BF18-4F8E-AD98-4B453FD5ADEC}.Debug|Any CPU.Build.0 = Debug|Any CPU
		{36D2ADB3-BF18-4F8E-AD98-4B453FD5ADEC}.Release|Any CPU.ActiveCfg = Release|Any CPU
		{36D2ADB3-BF18-4F8E-AD98-4B453FD5ADEC}.Release|Any CPU.Build.0 = Release|Any CPU
		{D5FA2010-8AA9-48F2-BC79-A14116471F0E}.Debug|Any CPU.ActiveCfg = Debug|Any CPU
		{D5FA2010-8AA9-48F2-BC79-A14116471F0E}.Debug|Any CPU.Build.0 = Debug|Any CPU
		{D5FA2010-8AA9-48F2-BC79-A14116471F0E}.Release|Any CPU.ActiveCfg = Release|Any CPU
		{D5FA2010-8AA9-48F2-BC79-A14116471F0E}.Release|Any CPU.Build.0 = Release|Any CPU
		{F60754D6-3735-49CB-8072-9862FF4FF059}.Debug|Any CPU.ActiveCfg = Debug|Any CPU
		{F60754D6-3735-49CB-8072-9862FF4FF059}.Debug|Any CPU.Build.0 = Debug|Any CPU
		{F60754D6-3735-49CB-8072-9862FF4FF059}.Release|Any CPU.ActiveCfg = Release|Any CPU
		{F60754D6-3735-49CB-8072-9862FF4FF059}.Release|Any CPU.Build.0 = Release|Any CPU
		{288F7AB9-6197-4128-8E2C-34C8E67CCEAE}.Debug|Any CPU.ActiveCfg = Debug|Any CPU
		{288F7AB9-6197-4128-8E2C-34C8E67CCEAE}.Debug|Any CPU.Build.0 = Debug|Any CPU
		{288F7AB9-6197-4128-8E2C-34C8E67CCEAE}.Release|Any CPU.ActiveCfg = Release|Any CPU
		{288F7AB9-6197-4128-8E2C-34C8E67CCEAE}.Release|Any CPU.Build.0 = Release|Any CPU
	EndGlobalSection
	GlobalSection(SolutionProperties) = preSolution
		HideSolutionNode = FALSE
	EndGlobalSection
	GlobalSection(NestedProjects) = preSolution
		{E6A2343A-8068-46AE-9FF0-5240E0865047} = {8610C979-2A06-490E-B814-A4F7BF15CED5}
		{19A3C0BF-B903-4E0D-ACD1-6505CFF98C4A} = {8610C979-2A06-490E-B814-A4F7BF15CED5}
		{5D565B86-AAD2-48D7-B1A6-354749C47169} = {8610C979-2A06-490E-B814-A4F7BF15CED5}
		{BE4C0E7E-1321-4E77-AD9F-533DAD482238} = {8610C979-2A06-490E-B814-A4F7BF15CED5}
		{83AA4FAE-08C3-44F7-A12A-2E86857B40BF} = {8610C979-2A06-490E-B814-A4F7BF15CED5}
		{E3EA18CC-9815-43A0-8F6F-435209603396} = {189F0DFC-18E8-4CB5-871A-4D47FEF3724E}
		{BC102B7A-0CD3-471F-8191-661154A983E8} = {189F0DFC-18E8-4CB5-871A-4D47FEF3724E}
		{C0E589D1-9EF7-4CD5-9F8F-440726AEA02F} = {189F0DFC-18E8-4CB5-871A-4D47FEF3724E}
		{B0B73250-2E0E-47AA-A06F-DC8530A8998C} = {189F0DFC-18E8-4CB5-871A-4D47FEF3724E}
		{4447E4AA-1482-4665-AE0D-14A6D05AD8A2} = {189F0DFC-18E8-4CB5-871A-4D47FEF3724E}
		{93F2E2ED-916A-49CB-8B1A-7B729695C1B1} = {651108FB-8301-46AA-8ECF-84D1E1329F0D}
		{55A073EB-4BE7-46B4-9EDC-A9C5ED90C787} = {651108FB-8301-46AA-8ECF-84D1E1329F0D}
		{36D2ADB3-BF18-4F8E-AD98-4B453FD5ADEC} = {651108FB-8301-46AA-8ECF-84D1E1329F0D}
		{D5FA2010-8AA9-48F2-BC79-A14116471F0E} = {651108FB-8301-46AA-8ECF-84D1E1329F0D}
		{F60754D6-3735-49CB-8072-9862FF4FF059} = {651108FB-8301-46AA-8ECF-84D1E1329F0D}
	EndGlobalSection
	GlobalSection(ExtensibilityGlobals) = postSolution
		SolutionGuid = {1AD685E3-F5E6-437A-B71E-2AA12DEADD58}
	EndGlobalSection
EndGlobal
